{
  "name": "dropbox-v2-api",
  "version": "2.1.13",
  "lockfileVersion": 1,
  "requires": true,
  "dependencies": {
    "abbrev": {
      "version": "1.1.1",
      "resolved": "https://registry.npmjs.org/abbrev/-/abbrev-1.1.1.tgz",
      "integrity": "sha512-nne9/IiQ/hzIhY6pdDnbBtz7DjPTKrY00P/zvPSm5pOFkl6xuGrGnXn/VtTNNfNtAfZ9/1RtehkszU9qcTii0Q==",
      "dev": true
    },
    "ajv": {
      "version": "5.5.2",
      "resolved": "https://registry.npmjs.org/ajv/-/ajv-5.5.2.tgz",
      "integrity": "sha1-c7Xuyj+rZT49P5Qis0GtQiBdyWU=",
      "requires": {
        "co": "4.6.0",
        "fast-deep-equal": "1.0.0",
        "fast-json-stable-stringify": "2.0.0",
        "json-schema-traverse": "0.3.1"
      }
    },
    "ansi-regex": {
      "version": "2.1.1",
      "resolved": "https://registry.npmjs.org/ansi-regex/-/ansi-regex-2.1.1.tgz",
      "integrity": "sha1-w7M6te42DYbg5ijwRorn7yfWVN8=",
      "dev": true
    },
    "asn1": {
      "version": "0.2.3",
      "resolved": "https://registry.npmjs.org/asn1/-/asn1-0.2.3.tgz",
      "integrity": "sha1-2sh4dxPJlmhJ/IGAd36+nB3fO4Y="
    },
    "assert-plus": {
      "version": "1.0.0",
      "resolved": "https://registry.npmjs.org/assert-plus/-/assert-plus-1.0.0.tgz",
      "integrity": "sha1-8S4PPF13sLHN2RRpQuTpbB5N1SU="
    },
    "assertions": {
      "version": "2.3.4",
      "resolved": "https://registry.npmjs.org/assertions/-/assertions-2.3.4.tgz",
      "integrity": "sha1-qUM87R/OV8yZmvCWXRAI6WwnluY=",
      "dev": true,
      "requires": {
        "fomatto": "git://github.com/BonsaiDen/Fomatto.git#468666f600b46f9067e3da7200fd9df428923ea6",
        "render": "0.1.4",
        "traverser": "1.0.0"
      }
    },
    "async": {
      "version": "1.5.0",
      "resolved": "https://registry.npmjs.org/async/-/async-1.5.0.tgz",
      "integrity": "sha1-J5ZkJyNXOFlWVjP8YnRES+4vjOM=",
      "dev": true
    },
    "asynckit": {
      "version": "0.4.0",
      "resolved": "https://registry.npmjs.org/asynckit/-/asynckit-0.4.0.tgz",
      "integrity": "sha1-x57Zf380y48robyXkLzDZkdLS3k="
    },
    "aws-sign2": {
      "version": "0.7.0",
      "resolved": "https://registry.npmjs.org/aws-sign2/-/aws-sign2-0.7.0.tgz",
      "integrity": "sha1-tG6JCTSpWR8tL2+G1+ap8bP+dqg="
    },
    "aws4": {
      "version": "1.6.0",
      "resolved": "https://registry.npmjs.org/aws4/-/aws4-1.6.0.tgz",
      "integrity": "sha1-g+9cqGCysy5KDe7e6MdxudtXRx4="
    },
    "bcrypt-pbkdf": {
      "version": "1.0.1",
      "resolved": "https://registry.npmjs.org/bcrypt-pbkdf/-/bcrypt-pbkdf-1.0.1.tgz",
      "integrity": "sha1-Y7xdy2EzG5K8Bf1SiVPDNGKgb40=",
      "optional": true,
      "requires": {
        "tweetnacl": "0.14.5"
      }
    },
    "bluebird": {
      "version": "3.5.1",
      "resolved": "https://registry.npmjs.org/bluebird/-/bluebird-3.5.1.tgz",
      "integrity": "sha512-MKiLiV+I1AA596t9w1sQJ8jkiSr5+ZKi0WKrYGUn6d1Fx+Ij4tIj+m2WMQSGczs5jZVxV339chE8iwk6F64wjA==",
      "dev": true
    },
    "boolbase": {
      "version": "1.0.0",
      "resolved": "https://registry.npmjs.org/boolbase/-/boolbase-1.0.0.tgz",
      "integrity": "sha1-aN/1++YMUes3cl6p4+0xDcwed24=",
      "dev": true
    },
    "boom": {
      "version": "4.3.1",
      "resolved": "https://registry.npmjs.org/boom/-/boom-4.3.1.tgz",
      "integrity": "sha1-T4owBctKfjiJ90kDD9JbluAdLjE=",
      "requires": {
        "hoek": "4.2.0"
      }
    },
    "camelcase": {
      "version": "2.1.1",
      "resolved": "https://registry.npmjs.org/camelcase/-/camelcase-2.1.1.tgz",
      "integrity": "sha1-fB0W1nmhu+WcoCys7PsBHiAfWh8=",
      "dev": true
    },
    "caseless": {
      "version": "0.12.0",
      "resolved": "https://registry.npmjs.org/caseless/-/caseless-0.12.0.tgz",
      "integrity": "sha1-G2gcIf+EAzyCZUMJBolCDRhxUdw="
    },
    "charenc": {
      "version": "0.0.2",
      "resolved": "https://registry.npmjs.org/charenc/-/charenc-0.0.2.tgz",
      "integrity": "sha1-wKHS86cJLgN3S/qD8UwPxXkKhmc=",
      "dev": true
    },
    "cheerio": {
      "version": "0.19.0",
      "resolved": "https://registry.npmjs.org/cheerio/-/cheerio-0.19.0.tgz",
      "integrity": "sha1-dy5wFfLuKZZQltcepBdbdas1SSU=",
      "dev": true,
      "requires": {
        "css-select": "1.0.0",
        "dom-serializer": "0.1.0",
        "entities": "1.1.1",
        "htmlparser2": "3.8.3",
        "lodash": "3.10.1"
      }
    },
    "cliui": {
      "version": "3.2.0",
      "resolved": "https://registry.npmjs.org/cliui/-/cliui-3.2.0.tgz",
      "integrity": "sha1-EgYBU3qRbSmUD5NNo7SNWFo5IT0=",
      "dev": true,
      "requires": {
        "string-width": "1.0.2",
        "strip-ansi": "3.0.1",
        "wrap-ansi": "2.1.0"
      }
    },
    "co": {
      "version": "4.6.0",
      "resolved": "https://registry.npmjs.org/co/-/co-4.6.0.tgz",
      "integrity": "sha1-bqa989hTrlTMuOR7+gvz+QMfsYQ="
    },
    "code-point-at": {
      "version": "1.1.0",
      "resolved": "https://registry.npmjs.org/code-point-at/-/code-point-at-1.1.0.tgz",
      "integrity": "sha1-DQcLTQQ6W+ozovGkDi7bPZpMz3c=",
      "dev": true
    },
    "combined-stream": {
      "version": "1.0.5",
      "resolved": "https://registry.npmjs.org/combined-stream/-/combined-stream-1.0.5.tgz",
      "integrity": "sha1-k4NwpXtKUd6ix3wV1cX9+JUWQAk=",
      "requires": {
        "delayed-stream": "1.0.0"
      }
    },
    "commander": {
      "version": "2.13.0",
      "resolved": "https://registry.npmjs.org/commander/-/commander-2.13.0.tgz",
      "integrity": "sha512-MVuS359B+YzaWqjCL/c+22gfryv+mCBPHAv3zyVI2GN8EY6IRP8VwtasXn8jyyhvvq84R4ImN1OKRtcbIasjYA==",
      "dev": true
    },
    "config-chain": {
      "version": "1.1.11",
      "resolved": "https://registry.npmjs.org/config-chain/-/config-chain-1.1.11.tgz",
      "integrity": "sha1-q6CXR9++TD5w52am5BWG4YWfxvI=",
      "dev": true,
      "requires": {
        "ini": "1.3.5",
        "proto-list": "1.2.4"
      }
    },
    "core-util-is": {
      "version": "1.0.2",
      "resolved": "https://registry.npmjs.org/core-util-is/-/core-util-is-1.0.2.tgz",
      "integrity": "sha1-tf1UIgqivFq1eqtxQMlAdUUDwac="
    },
    "crypt": {
      "version": "0.0.2",
      "resolved": "https://registry.npmjs.org/crypt/-/crypt-0.0.2.tgz",
      "integrity": "sha1-iNf/fsDfuG9xPch7u0LQRNPmxBs=",
      "dev": true
    },
    "cryptiles": {
      "version": "3.1.2",
      "resolved": "https://registry.npmjs.org/cryptiles/-/cryptiles-3.1.2.tgz",
      "integrity": "sha1-qJ+7Ig9c4l7FboxKqKT9e1sNKf4=",
      "requires": {
        "boom": "5.2.0"
      },
      "dependencies": {
        "boom": {
          "version": "5.2.0",
          "resolved": "https://registry.npmjs.org/boom/-/boom-5.2.0.tgz",
          "integrity": "sha512-Z5BTk6ZRe4tXXQlkqftmsAUANpXmuwlsF5Oov8ThoMbQRzdGTA1ngYRW160GexgOgjsFOKJz0LYhoNi+2AMBUw==",
          "requires": {
            "hoek": "4.2.0"
          }
        }
      }
    },
    "css-select": {
      "version": "1.0.0",
      "resolved": "https://registry.npmjs.org/css-select/-/css-select-1.0.0.tgz",
      "integrity": "sha1-sRIcpRhI3SZOIkTQWM7iVN7rRLA=",
      "dev": true,
      "requires": {
        "boolbase": "1.0.0",
        "css-what": "1.0.0",
        "domutils": "1.4.3",
        "nth-check": "1.0.1"
      }
    },
    "css-what": {
      "version": "1.0.0",
      "resolved": "https://registry.npmjs.org/css-what/-/css-what-1.0.0.tgz",
      "integrity": "sha1-18wt9FGAZm+Z0rFEYmOUaeAPc2w=",
      "dev": true
    },
    "curry": {
      "version": "0.0.4",
      "resolved": "https://registry.npmjs.org/curry/-/curry-0.0.4.tgz",
      "integrity": "sha1-F1DVGNkZxE89N/9E7caT3h8NX8s=",
      "dev": true
    },
    "dashdash": {
      "version": "1.14.1",
      "resolved": "https://registry.npmjs.org/dashdash/-/dashdash-1.14.1.tgz",
      "integrity": "sha1-hTz6D3y+L+1d4gMmuN1YEDX24vA=",
      "requires": {
        "assert-plus": "1.0.0"
      }
    },
    "debug": {
      "version": "2.2.0",
      "resolved": "https://registry.npmjs.org/debug/-/debug-2.2.0.tgz",
      "integrity": "sha1-+HBX6ZWxofauaklgZkE3vFbwOdo=",
      "dev": true,
      "requires": {
        "ms": "0.7.1"
      }
    },
    "decamelize": {
      "version": "1.2.0",
      "resolved": "https://registry.npmjs.org/decamelize/-/decamelize-1.2.0.tgz",
      "integrity": "sha1-9lNNFRSCabIDUue+4m9QH5oZEpA=",
      "dev": true
    },
    "delayed-stream": {
      "version": "1.0.0",
      "resolved": "https://registry.npmjs.org/delayed-stream/-/delayed-stream-1.0.0.tgz",
      "integrity": "sha1-3zrhmayt+31ECqrgsp4icrJOxhk="
    },
    "diff": {
      "version": "1.4.0",
      "resolved": "https://registry.npmjs.org/diff/-/diff-1.4.0.tgz",
      "integrity": "sha1-fyjS657nsVqX79ic5j3P2qPMur8=",
      "dev": true
    },
    "dom-serializer": {
      "version": "0.1.0",
      "resolved": "https://registry.npmjs.org/dom-serializer/-/dom-serializer-0.1.0.tgz",
      "integrity": "sha1-BzxpdUbOB4DOI75KKOKT5AvDDII=",
      "dev": true,
      "requires": {
        "domelementtype": "1.1.3",
        "entities": "1.1.1"
      },
      "dependencies": {
        "domelementtype": {
          "version": "1.1.3",
          "resolved": "https://registry.npmjs.org/domelementtype/-/domelementtype-1.1.3.tgz",
          "integrity": "sha1-vSh3PiZCiBrsUVRJJCmcXNgiGFs=",
          "dev": true
        }
      }
    },
    "domelementtype": {
      "version": "1.3.0",
      "resolved": "https://registry.npmjs.org/domelementtype/-/domelementtype-1.3.0.tgz",
      "integrity": "sha1-sXrtguirWeUt2cGbF1bg/BhyBMI=",
      "dev": true
    },
    "domhandler": {
      "version": "2.3.0",
      "resolved": "https://registry.npmjs.org/domhandler/-/domhandler-2.3.0.tgz",
      "integrity": "sha1-LeWaCCLVAn+r/28DLCsloqir5zg=",
      "dev": true,
      "requires": {
        "domelementtype": "1.3.0"
      }
    },
    "domutils": {
      "version": "1.4.3",
      "resolved": "https://registry.npmjs.org/domutils/-/domutils-1.4.3.tgz",
      "integrity": "sha1-CGVRN5bGswYDGFDhdVFrr4C3Km8=",
      "dev": true,
      "requires": {
        "domelementtype": "1.3.0"
      }
    },
    "ecc-jsbn": {
      "version": "0.1.1",
      "resolved": "https://registry.npmjs.org/ecc-jsbn/-/ecc-jsbn-0.1.1.tgz",
      "integrity": "sha1-D8c6ntXw1Tw4GTOYUj735UN3dQU=",
      "optional": true,
      "requires": {
        "jsbn": "0.1.1"
      }
    },
    "editorconfig": {
      "version": "0.13.3",
      "resolved": "https://registry.npmjs.org/editorconfig/-/editorconfig-0.13.3.tgz",
      "integrity": "sha512-WkjsUNVCu+ITKDj73QDvi0trvpdDWdkDyHybDGSXPfekLCqwmpD7CP7iPbvBgosNuLcI96XTDwNa75JyFl7tEQ==",
      "dev": true,
      "requires": {
        "bluebird": "3.5.1",
        "commander": "2.13.0",
        "lru-cache": "3.2.0",
        "semver": "5.5.0",
        "sigmund": "1.0.1"
      }
    },
    "ejs": {
      "version": "2.5.6",
      "resolved": "https://registry.npmjs.org/ejs/-/ejs-2.5.6.tgz",
      "integrity": "sha1-R5Y2v6P+Ox3r1SCH8KyyBLTxnIg=",
      "dev": true
    },
    "entities": {
      "version": "1.1.1",
      "resolved": "https://registry.npmjs.org/entities/-/entities-1.1.1.tgz",
      "integrity": "sha1-blwtClYhtdra7O+AuQ7ftc13cvA=",
      "dev": true
    },
    "escape-string-regexp": {
      "version": "1.0.2",
      "resolved": "https://registry.npmjs.org/escape-string-regexp/-/escape-string-regexp-1.0.2.tgz",
      "integrity": "sha1-Tbwv5nTnGUnK8/smlc5/LcHZqNE=",
      "dev": true
    },
    "expect.js": {
      "version": "0.3.1",
      "resolved": "https://registry.npmjs.org/expect.js/-/expect.js-0.3.1.tgz",
      "integrity": "sha1-sKWaDS7/VDdUTr8M6qYBWEHQm1s=",
      "dev": true
    },
    "extend": {
      "version": "3.0.1",
      "resolved": "https://registry.npmjs.org/extend/-/extend-3.0.1.tgz",
      "integrity": "sha1-p1Xqe8Gt/MWjHOfnYtuq3F5jZEQ="
    },
    "extsprintf": {
      "version": "1.3.0",
      "resolved": "https://registry.npmjs.org/extsprintf/-/extsprintf-1.3.0.tgz",
      "integrity": "sha1-lpGEQOMEGnpBT4xS48V06zw+HgU="
    },
    "fast-deep-equal": {
      "version": "1.0.0",
      "resolved": "https://registry.npmjs.org/fast-deep-equal/-/fast-deep-equal-1.0.0.tgz",
      "integrity": "sha1-liVqO8l1WV6zbYLpkp0GDYk0Of8="
    },
    "fast-json-stable-stringify": {
      "version": "2.0.0",
      "resolved": "https://registry.npmjs.org/fast-json-stable-stringify/-/fast-json-stable-stringify-2.0.0.tgz",
      "integrity": "sha1-1RQsDK7msRifh9OnYREGT4bIu/I="
    },
    "fomatto": {
      "version": "git://github.com/BonsaiDen/Fomatto.git#468666f600b46f9067e3da7200fd9df428923ea6",
      "dev": true
    },
    "forever-agent": {
      "version": "0.6.1",
      "resolved": "https://registry.npmjs.org/forever-agent/-/forever-agent-0.6.1.tgz",
      "integrity": "sha1-+8cfDEGt6zf5bFd60e1C2P2sypE="
    },
    "form-data": {
      "version": "2.3.1",
      "resolved": "https://registry.npmjs.org/form-data/-/form-data-2.3.1.tgz",
      "integrity": "sha1-b7lPvXGIUwbXPRXMSX/kzE7NRL8=",
      "requires": {
        "asynckit": "0.4.0",
        "combined-stream": "1.0.5",
        "mime-types": "2.1.17"
      }
    },
    "from": {
      "version": "0.0.2",
      "resolved": "https://registry.npmjs.org/from/-/from-0.0.2.tgz",
      "integrity": "sha1-f/+sZHovmbINV7jig3lFXLtBidA=",
      "dev": true
    },
    "getpass": {
      "version": "0.1.7",
      "resolved": "https://registry.npmjs.org/getpass/-/getpass-0.1.7.tgz",
      "integrity": "sha1-Xv+OPmhNVprkyysSgmBOi6YhSfo=",
      "requires": {
        "assert-plus": "1.0.0"
      }
    },
    "glob": {
      "version": "3.2.3",
      "resolved": "https://registry.npmjs.org/glob/-/glob-3.2.3.tgz",
      "integrity": "sha1-4xPusknHr/qlxHUoaw4RW1mDlGc=",
      "dev": true,
      "requires": {
        "graceful-fs": "2.0.3",
        "inherits": "2.0.3",
        "minimatch": "0.2.14"
      }
    },
    "graceful-fs": {
      "version": "2.0.3",
      "resolved": "https://registry.npmjs.org/graceful-fs/-/graceful-fs-2.0.3.tgz",
      "integrity": "sha1-fNLNsiiko/Nule+mzBQt59GhNtA=",
      "dev": true
    },
    "growl": {
      "version": "1.8.1",
      "resolved": "https://registry.npmjs.org/growl/-/growl-1.8.1.tgz",
      "integrity": "sha1-Sy3sjZB+k9szZiTc7AGDUC+MlCg=",
      "dev": true
    },
    "hapi": {
      "version": "11.1.4",
      "resolved": "https://registry.npmjs.org/hapi/-/hapi-11.1.4.tgz",
      "integrity": "sha1-qAWI0XWh2UiazaD90T31oHZvVc4=",
      "dev": true,
      "requires": {
        "accept": "2.0.0",
        "ammo": "2.0.0",
        "boom": "3.0.0",
        "call": "3.0.0",
        "catbox": "7.0.0",
        "catbox-memory": "2.0.1",
        "cryptiles": "3.0.0",
        "heavy": "4.0.0",
        "hoek": "3.0.0",
        "iron": "3.0.1",
        "items": "2.0.0",
        "joi": "7.0.0",
        "kilt": "2.0.0",
        "mimos": "3.0.0",
        "peekaboo": "2.0.0",
        "qs": "6.0.0",
        "shot": "2.0.1",
        "statehood": "3.0.0",
        "subtext": "3.0.1",
        "topo": "2.0.0"
      },
      "dependencies": {
        "accept": {
          "version": "2.0.0",
          "resolved": "https://registry.npmjs.org/accept/-/accept-2.0.0.tgz",
          "integrity": "sha1-IZ/zxonoytxxmV5L2dtwRaOMNFk=",
          "dev": true,
          "requires": {
            "boom": "3.0.0",
            "hoek": "3.0.0"
          }
        },
        "ammo": {
          "version": "2.0.0",
          "resolved": "https://registry.npmjs.org/ammo/-/ammo-2.0.0.tgz",
          "integrity": "sha1-FNvfwfti19gmAgbTfkghkmXSS+g=",
          "dev": true,
          "requires": {
            "boom": "3.0.0",
            "hoek": "3.0.0"
          }
        },
        "boom": {
          "version": "3.0.0",
          "resolved": "https://registry.npmjs.org/boom/-/boom-3.0.0.tgz",
          "integrity": "sha1-z/hYy9AMZcEeanS0qdyQueO5BsQ=",
          "dev": true,
          "requires": {
            "hoek": "3.0.0"
          }
        },
        "call": {
          "version": "3.0.0",
          "resolved": "https://registry.npmjs.org/call/-/call-3.0.0.tgz",
          "integrity": "sha1-6VTpAzInH3qxJgtN4BjWjq+z8BE=",
          "dev": true,
          "requires": {
            "boom": "3.0.0",
            "hoek": "3.0.0"
          }
        },
        "catbox": {
          "version": "7.0.0",
          "resolved": "https://registry.npmjs.org/catbox/-/catbox-7.0.0.tgz",
          "integrity": "sha1-PUACQlj1az+YUemblXY+BrxjpEI=",
          "dev": true,
          "requires": {
            "boom": "3.0.0",
            "hoek": "3.0.0",
            "joi": "7.0.0"
          }
        },
        "catbox-memory": {
          "version": "2.0.1",
          "resolved": "https://registry.npmjs.org/catbox-memory/-/catbox-memory-2.0.1.tgz",
          "integrity": "sha1-vfxec2RI/hbA/5FCfU2xGsNNk5Y=",
          "dev": true,
          "requires": {
            "hoek": "3.0.0"
          }
        },
        "cryptiles": {
          "version": "3.0.0",
          "resolved": "https://registry.npmjs.org/cryptiles/-/cryptiles-3.0.0.tgz",
          "integrity": "sha1-4Uj7j2ZqhxKEPd9lwZZ2nR44eQw=",
          "dev": true,
          "requires": {
            "boom": "3.0.0"
          }
        },
        "heavy": {
          "version": "4.0.0",
          "resolved": "https://registry.npmjs.org/heavy/-/heavy-4.0.0.tgz",
          "integrity": "sha1-ffqckK80PxaAaoxIootJmiPexHE=",
          "dev": true,
          "requires": {
            "boom": "3.0.0",
            "hoek": "3.0.0",
            "joi": "7.0.0"
          }
        },
        "hoek": {
          "version": "3.0.0",
          "resolved": "https://registry.npmjs.org/hoek/-/hoek-3.0.0.tgz",
          "integrity": "sha1-UsDfKcp0G05by7C1n1CfNHYjrI0=",
          "dev": true
        },
        "iron": {
          "version": "3.0.1",
          "resolved": "https://registry.npmjs.org/iron/-/iron-3.0.1.tgz",
          "integrity": "sha1-PdOxAKch0VubewM6DPTB4yZgPNM=",
          "dev": true,
          "requires": {
            "boom": "3.0.0",
            "cryptiles": "3.0.0",
            "hoek": "3.0.0"
          }
        },
        "items": {
          "version": "2.0.0",
          "resolved": "https://registry.npmjs.org/items/-/items-2.0.0.tgz",
          "integrity": "sha1-0Uqxfgyce47mk3dT07mlbgjUrXo=",
          "dev": true
        },
        "joi": {
          "version": "7.0.0",
          "resolved": "https://registry.npmjs.org/joi/-/joi-7.0.0.tgz",
          "integrity": "sha1-fwpeVsCBiqvXpYNmp5GjgYwLY98=",
          "dev": true,
          "requires": {
            "hoek": "3.0.0",
            "isemail": "2.0.0",
            "moment": "2.10.6",
            "topo": "2.0.0"
          },
          "dependencies": {
            "isemail": {
              "version": "2.0.0",
              "resolved": "https://registry.npmjs.org/isemail/-/isemail-2.0.0.tgz",
              "integrity": "sha1-rlk4hsFzJ+j1z3x9VAA6scpWbGU=",
              "dev": true
            },
            "moment": {
              "version": "2.10.6",
              "resolved": "https://registry.npmjs.org/moment/-/moment-2.10.6.tgz",
              "integrity": "sha1-bLIZZ8ecunsMpeZmRPFzZis++nc=",
              "dev": true
            }
          }
        },
        "kilt": {
          "version": "2.0.0",
          "resolved": "https://registry.npmjs.org/kilt/-/kilt-2.0.0.tgz",
          "integrity": "sha1-igb2YkoUhHRBwQLDsS6e8Gr13fI=",
          "dev": true,
          "requires": {
            "hoek": "3.0.0"
          }
        },
        "mimos": {
          "version": "3.0.0",
          "resolved": "https://registry.npmjs.org/mimos/-/mimos-3.0.0.tgz",
          "integrity": "sha1-SygG4SXbvfcdmyzZ8LO0VsQDyCE=",
          "dev": true,
          "requires": {
            "hoek": "3.0.0",
            "mime-db": "1.19.0"
          },
          "dependencies": {
            "mime-db": {
              "version": "1.19.0",
              "resolved": "https://registry.npmjs.org/mime-db/-/mime-db-1.19.0.tgz",
              "integrity": "sha1-SWoYGYp86CRFNOJbsQK3T7Qg/VY=",
              "dev": true
            }
          }
        },
        "peekaboo": {
          "version": "2.0.0",
          "resolved": "https://registry.npmjs.org/peekaboo/-/peekaboo-2.0.0.tgz",
          "integrity": "sha1-ilS71o7esMtbMUSZHhU10tSS3Jc=",
          "dev": true
        },
        "qs": {
          "version": "6.0.0",
          "resolved": "https://registry.npmjs.org/qs/-/qs-6.0.0.tgz",
          "integrity": "sha1-3pnAxYxU6uSf/5SVEGcjOGkREOg=",
          "dev": true
        },
        "shot": {
          "version": "2.0.1",
          "resolved": "https://registry.npmjs.org/shot/-/shot-2.0.1.tgz",
          "integrity": "sha1-pEpYcr/KTSr60NVz1eIZWLtNwA8=",
          "dev": true,
          "requires": {
            "hoek": "3.0.0"
          }
        },
        "statehood": {
          "version": "3.0.0",
          "resolved": "https://registry.npmjs.org/statehood/-/statehood-3.0.0.tgz",
          "integrity": "sha1-pJDgpzmG/ZlCFeT7xBSVwq6+BdM=",
          "dev": true,
          "requires": {
            "boom": "3.0.0",
            "cryptiles": "3.0.0",
            "hoek": "3.0.0",
            "iron": "3.0.1",
            "items": "2.0.0",
            "joi": "7.0.0"
          }
        },
        "subtext": {
          "version": "3.0.1",
          "resolved": "https://registry.npmjs.org/subtext/-/subtext-3.0.1.tgz",
          "integrity": "sha1-iBdgaPuBYqF2QyYzlHCWS9vhN8M=",
          "dev": true,
          "requires": {
            "boom": "3.0.0",
            "content": "3.0.0",
            "hoek": "3.0.0",
            "pez": "2.0.1",
            "qs": "6.0.0",
            "wreck": "7.0.0"
          },
          "dependencies": {
            "content": {
              "version": "3.0.0",
              "resolved": "https://registry.npmjs.org/content/-/content-3.0.0.tgz",
              "integrity": "sha1-+xpmghRxLKPdGKTsuw9f5x+35s0=",
              "dev": true,
              "requires": {
                "boom": "3.0.0"
              }
            },
            "pez": {
              "version": "2.0.1",
              "resolved": "https://registry.npmjs.org/pez/-/pez-2.0.1.tgz",
              "integrity": "sha1-WAV4vrF/GU03y4dN+8aHzM3omxE=",
              "dev": true,
              "requires": {
                "b64": "3.0.0",
                "boom": "3.0.0",
                "content": "3.0.0",
                "hoek": "3.0.0",
                "nigel": "2.0.0"
              },
              "dependencies": {
                "b64": {
                  "version": "3.0.0",
                  "resolved": "https://registry.npmjs.org/b64/-/b64-3.0.0.tgz",
                  "integrity": "sha1-MrMhzdoLmzEMdi05OrqSAdjk8hc=",
                  "dev": true,
                  "requires": {
                    "hoek": "3.0.0"
                  }
                },
                "nigel": {
                  "version": "2.0.0",
                  "resolved": "https://registry.npmjs.org/nigel/-/nigel-2.0.0.tgz",
                  "integrity": "sha1-4lEYegUz6ufIIy99ejhlrkdorWk=",
                  "dev": true,
                  "requires": {
                    "hoek": "3.0.0",
                    "vise": "2.0.0"
                  },
                  "dependencies": {
                    "vise": {
                      "version": "2.0.0",
                      "resolved": "https://registry.npmjs.org/vise/-/vise-2.0.0.tgz",
                      "integrity": "sha1-eNaLZOdJXqWYqcJMby4GLk1XldY=",
                      "dev": true,
                      "requires": {
                        "hoek": "3.0.0"
                      }
                    }
                  }
                }
              }
            },
            "wreck": {
              "version": "7.0.0",
              "resolved": "https://registry.npmjs.org/wreck/-/wreck-7.0.0.tgz",
              "integrity": "sha1-jtUr2MIN4dApRr2QeP3LPEh6Gho=",
              "dev": true,
              "requires": {
                "boom": "3.0.0",
                "hoek": "3.0.0"
              }
            }
          }
        },
        "topo": {
          "version": "2.0.0",
          "resolved": "https://registry.npmjs.org/topo/-/topo-2.0.0.tgz",
          "integrity": "sha1-MVya7bhoytW2FhWWPJ/Qm+kSwe0=",
          "dev": true,
          "requires": {
            "hoek": "3.0.0"
          }
        }
      }
    },
    "har-schema": {
      "version": "2.0.0",
      "resolved": "https://registry.npmjs.org/har-schema/-/har-schema-2.0.0.tgz",
      "integrity": "sha1-qUwiJOvKwEeCoNkDVSHyRzW37JI="
    },
    "har-validator": {
      "version": "5.0.3",
      "resolved": "https://registry.npmjs.org/har-validator/-/har-validator-5.0.3.tgz",
      "integrity": "sha1-ukAsJmGU8VlW7xXg/PJCmT9qff0=",
      "requires": {
        "ajv": "5.5.2",
        "har-schema": "2.0.0"
      }
    },
    "hawk": {
      "version": "6.0.2",
      "resolved": "https://registry.npmjs.org/hawk/-/hawk-6.0.2.tgz",
      "integrity": "sha512-miowhl2+U7Qle4vdLqDdPt9m09K6yZhkLDTWGoUiUzrQCn+mHHSmfJgAyGaLRZbPmTqfFFjRV1QWCW0VWUJBbQ==",
      "requires": {
        "boom": "4.3.1",
        "cryptiles": "3.1.2",
        "hoek": "4.2.0",
        "sntp": "2.1.0"
      }
    },
    "hoek": {
      "version": "4.2.0",
      "resolved": "https://registry.npmjs.org/hoek/-/hoek-4.2.0.tgz",
      "integrity": "sha512-v0XCLxICi9nPfYrS9RL8HbYnXi9obYAeLbSP00BmnZwCK9+Ih9WOjoZ8YoHCoav2csqn4FOz4Orldsy2dmDwmQ=="
    },
    "htmlparser2": {
      "version": "3.8.3",
      "resolved": "https://registry.npmjs.org/htmlparser2/-/htmlparser2-3.8.3.tgz",
      "integrity": "sha1-mWwosZFRaovoZQGn15dX5ccMEGg=",
      "dev": true,
      "requires": {
        "domelementtype": "1.3.0",
        "domhandler": "2.3.0",
        "domutils": "1.5.1",
        "entities": "1.0.0",
        "readable-stream": "1.1.14"
      },
      "dependencies": {
        "domutils": {
          "version": "1.5.1",
          "resolved": "https://registry.npmjs.org/domutils/-/domutils-1.5.1.tgz",
          "integrity": "sha1-3NhIiib1Y9YQeeSMn3t+Mjc2gs8=",
          "dev": true,
          "requires": {
            "dom-serializer": "0.1.0",
            "domelementtype": "1.3.0"
          }
        },
        "entities": {
          "version": "1.0.0",
          "resolved": "https://registry.npmjs.org/entities/-/entities-1.0.0.tgz",
          "integrity": "sha1-sph6o4ITR/zeZCsk/fyeT7cSvyY=",
          "dev": true
        }
      }
    },
    "http-signature": {
      "version": "1.2.0",
      "resolved": "https://registry.npmjs.org/http-signature/-/http-signature-1.2.0.tgz",
      "integrity": "sha1-muzZJRFHcvPZW2WmCruPfBj7rOE=",
      "requires": {
        "assert-plus": "1.0.0",
        "jsprim": "1.4.1",
        "sshpk": "1.13.1"
      }
    },
    "inherits": {
      "version": "2.0.3",
      "resolved": "https://registry.npmjs.org/inherits/-/inherits-2.0.3.tgz",
      "integrity": "sha1-Yzwsg+PaQqUC9SRmAiSA9CCCYd4=",
      "dev": true
    },
    "ini": {
      "version": "1.3.5",
      "resolved": "https://registry.npmjs.org/ini/-/ini-1.3.5.tgz",
      "integrity": "sha512-RZY5huIKCMRWDUqZlEi72f/lmXKMvuszcMBduliQ3nnWbx9X/ZBQO7DijMEYS9EhHBb2qacRUMtC7svLwe0lcw==",
      "dev": true
    },
    "invert-kv": {
      "version": "1.0.0",
      "resolved": "https://registry.npmjs.org/invert-kv/-/invert-kv-1.0.0.tgz",
      "integrity": "sha1-EEqOSqym09jNFXqO+L+rLXo//bY=",
      "dev": true
    },
    "is-buffer": {
      "version": "1.1.6",
      "resolved": "https://registry.npmjs.org/is-buffer/-/is-buffer-1.1.6.tgz",
      "integrity": "sha512-NcdALwpXkTm5Zvvbk7owOUSvVvBKDgKP5/ewfXEznmQFfs4ZRmanOeKBTjRVjka3QFoN6XJ+9F3USqfHqTaU5w==",
      "dev": true
    },
    "is-fullwidth-code-point": {
      "version": "1.0.0",
      "resolved": "https://registry.npmjs.org/is-fullwidth-code-point/-/is-fullwidth-code-point-1.0.0.tgz",
      "integrity": "sha1-754xOG8DGn8NZDr4L95QxFfvAMs=",
      "dev": true,
      "requires": {
        "number-is-nan": "1.0.1"
      }
    },
    "is-typedarray": {
      "version": "1.0.0",
      "resolved": "https://registry.npmjs.org/is-typedarray/-/is-typedarray-1.0.0.tgz",
      "integrity": "sha1-5HnICFjfDBsR3dppQPlgEfzaSpo="
    },
    "isarray": {
      "version": "0.0.1",
      "resolved": "https://registry.npmjs.org/isarray/-/isarray-0.0.1.tgz",
      "integrity": "sha1-ihis/Kmo9Bd+Cav8YDiTmwXR7t8=",
      "dev": true
    },
    "isstream": {
      "version": "0.1.2",
      "resolved": "https://registry.npmjs.org/isstream/-/isstream-0.1.2.tgz",
      "integrity": "sha1-R+Y/evVa+m+S4VAOaQ64uFKcCZo="
    },
    "jade": {
      "version": "0.26.3",
      "resolved": "https://registry.npmjs.org/jade/-/jade-0.26.3.tgz",
      "integrity": "sha1-jxDXl32NefL2/4YqgbBRPMslaGw=",
      "dev": true,
      "requires": {
        "commander": "0.6.1",
        "mkdirp": "0.3.0"
      },
      "dependencies": {
        "commander": {
          "version": "0.6.1",
          "resolved": "https://registry.npmjs.org/commander/-/commander-0.6.1.tgz",
          "integrity": "sha1-+mihT2qUXVTbvlDYzbMyDp47GgY=",
          "dev": true
        },
        "mkdirp": {
          "version": "0.3.0",
          "resolved": "https://registry.npmjs.org/mkdirp/-/mkdirp-0.3.0.tgz",
          "integrity": "sha1-G79asbqCevI1dRQ0kEJkVfSB/h4=",
          "dev": true
        }
      }
    },
    "js-beautify": {
      "version": "1.6.9",
      "resolved": "https://registry.npmjs.org/js-beautify/-/js-beautify-1.6.9.tgz",
      "integrity": "sha1-LfiMfI1bup5/8BnXo+eyC4PNV2o=",
      "dev": true,
      "requires": {
        "config-chain": "1.1.11",
        "editorconfig": "0.13.3",
        "mkdirp": "0.5.1",
        "nopt": "3.0.6"
      }
    },
    "jsbn": {
      "version": "0.1.1",
      "resolved": "https://registry.npmjs.org/jsbn/-/jsbn-0.1.1.tgz",
      "integrity": "sha1-peZUwuWi3rXyAdls77yoDA7y9RM=",
      "optional": true
    },
    "json-schema": {
      "version": "0.2.3",
      "resolved": "https://registry.npmjs.org/json-schema/-/json-schema-0.2.3.tgz",
      "integrity": "sha1-tIDIkuWaLwWVTOcnvT8qTogvnhM="
    },
    "json-schema-traverse": {
      "version": "0.3.1",
      "resolved": "https://registry.npmjs.org/json-schema-traverse/-/json-schema-traverse-0.3.1.tgz",
      "integrity": "sha1-NJptRMU6Ud6JtAgFxdXlm0F9M0A="
    },
    "json-stringify-safe": {
      "version": "5.0.1",
      "resolved": "https://registry.npmjs.org/json-stringify-safe/-/json-stringify-safe-5.0.1.tgz",
      "integrity": "sha1-Epai1Y/UXxmg9s4B1lcB4sc1tus="
    },
    "jsprim": {
      "version": "1.4.1",
      "resolved": "https://registry.npmjs.org/jsprim/-/jsprim-1.4.1.tgz",
      "integrity": "sha1-MT5mvB5cwG5Di8G3SZwuXFastqI=",
      "requires": {
        "assert-plus": "1.0.0",
        "extsprintf": "1.3.0",
        "json-schema": "0.2.3",
        "verror": "1.10.0"
      }
    },
    "lcid": {
      "version": "1.0.0",
      "resolved": "https://registry.npmjs.org/lcid/-/lcid-1.0.0.tgz",
      "integrity": "sha1-MIrMr6C8SDo4Z7S28rlQYlHRuDU=",
      "dev": true,
      "requires": {
        "invert-kv": "1.0.0"
      }
    },
    "lodash": {
      "version": "3.10.1",
      "resolved": "https://registry.npmjs.org/lodash/-/lodash-3.10.1.tgz",
      "integrity": "sha1-W/Rejkm6QYnhfUgnid/RW9FAt7Y=",
      "dev": true
    },
    "lru-cache": {
      "version": "3.2.0",
      "resolved": "https://registry.npmjs.org/lru-cache/-/lru-cache-3.2.0.tgz",
      "integrity": "sha1-cXibO39Tmb7IVl3aOKow0qCX7+4=",
      "dev": true,
      "requires": {
        "pseudomap": "1.0.2"
      }
    },
    "macgyver": {
      "version": "1.10.1",
      "resolved": "https://registry.npmjs.org/macgyver/-/macgyver-1.10.1.tgz",
      "integrity": "sha1-sJ0VmdizbtWxb1lYlRXZ0UvC/Yg=",
      "dev": true
    },
    "md5": {
      "version": "2.2.1",
      "resolved": "https://registry.npmjs.org/md5/-/md5-2.2.1.tgz",
      "integrity": "sha1-U6s41f48iJG6RlMp6iP6wFQBJvk=",
      "dev": true,
      "requires": {
        "charenc": "0.0.2",
        "crypt": "0.0.2",
        "is-buffer": "1.1.6"
      }
    },
    "mime-db": {
      "version": "1.30.0",
      "resolved": "https://registry.npmjs.org/mime-db/-/mime-db-1.30.0.tgz",
      "integrity": "sha1-dMZD2i3Z1qRTmZY0ZbJtXKfXHwE="
    },
    "mime-types": {
      "version": "2.1.17",
      "resolved": "https://registry.npmjs.org/mime-types/-/mime-types-2.1.17.tgz",
      "integrity": "sha1-Cdejk/A+mVp5+K+Fe3Cp4KsWVXo=",
      "requires": {
        "mime-db": "1.30.0"
      }
    },
    "minimatch": {
      "version": "0.2.14",
      "resolved": "https://registry.npmjs.org/minimatch/-/minimatch-0.2.14.tgz",
      "integrity": "sha1-x054BXT2PG+aCQ6Q775u9TpqdWo=",
      "dev": true,
      "requires": {
        "lru-cache": "2.7.3",
        "sigmund": "1.0.1"
      },
      "dependencies": {
        "lru-cache": {
          "version": "2.7.3",
          "resolved": "https://registry.npmjs.org/lru-cache/-/lru-cache-2.7.3.tgz",
          "integrity": "sha1-bUUk6LlV+V1PW1iFHOId1y+06VI=",
          "dev": true
        }
      }
    },
    "minimist": {
      "version": "0.0.8",
      "resolved": "https://registry.npmjs.org/minimist/-/minimist-0.0.8.tgz",
      "integrity": "sha1-hX/Kv8M5fSYluCKCYuhqp6ARsF0=",
      "dev": true
    },
    "mkdirp": {
      "version": "0.5.1",
      "resolved": "https://registry.npmjs.org/mkdirp/-/mkdirp-0.5.1.tgz",
      "integrity": "sha1-MAV0OOrGz3+MR2fzhkjWaX11yQM=",
      "dev": true,
      "requires": {
        "minimist": "0.0.8"
      }
    },
    "mocha": {
      "version": "2.3.4",
      "resolved": "https://registry.npmjs.org/mocha/-/mocha-2.3.4.tgz",
      "integrity": "sha1-himm+wRPLSJapLgaKuLQAWmesmY=",
      "dev": true,
      "requires": {
        "commander": "2.3.0",
        "debug": "2.2.0",
        "diff": "1.4.0",
        "escape-string-regexp": "1.0.2",
        "glob": "3.2.3",
        "growl": "1.8.1",
        "jade": "0.26.3",
        "mkdirp": "0.5.0",
        "supports-color": "1.2.0"
      },
      "dependencies": {
        "commander": {
          "version": "2.3.0",
          "resolved": "https://registry.npmjs.org/commander/-/commander-2.3.0.tgz",
          "integrity": "sha1-/UMOiJgy7DU7ms0d4hfBHLPu+HM=",
          "dev": true
        },
        "mkdirp": {
          "version": "0.5.0",
          "resolved": "https://registry.npmjs.org/mkdirp/-/mkdirp-0.5.0.tgz",
          "integrity": "sha1-HXMHam35hs2TROFecfzAWkyavxI=",
          "dev": true,
          "requires": {
            "minimist": "0.0.8"
          }
        }
      }
    },
    "ms": {
      "version": "0.7.1",
      "resolved": "https://registry.npmjs.org/ms/-/ms-0.7.1.tgz",
      "integrity": "sha1-nNE8A62/8ltl7/3nzoZO6VIBcJg=",
      "dev": true
    },
    "nconf": {
      "version": "0.8.5",
      "resolved": "https://registry.npmjs.org/nconf/-/nconf-0.8.5.tgz",
      "integrity": "sha1-8pQeFWGVL6kGu7MjKM+I1MY155Q=",
      "dev": true,
      "requires": {
        "async": "1.5.0",
        "ini": "1.3.5",
        "secure-keys": "1.0.0",
        "yargs": "3.32.0"
      }
    },
    "nopt": {
      "version": "3.0.6",
      "resolved": "https://registry.npmjs.org/nopt/-/nopt-3.0.6.tgz",
      "integrity": "sha1-xkZdvwirzU2zWTF/eaxopkayj/k=",
      "dev": true,
      "requires": {
        "abbrev": "1.1.1"
      }
    },
    "nth-check": {
      "version": "1.0.1",
      "resolved": "https://registry.npmjs.org/nth-check/-/nth-check-1.0.1.tgz",
      "integrity": "sha1-mSms32KPwsQQmN6rgqxYDPFJquQ=",
      "dev": true,
      "requires": {
        "boolbase": "1.0.0"
      }
    },
    "number-is-nan": {
      "version": "1.0.1",
      "resolved": "https://registry.npmjs.org/number-is-nan/-/number-is-nan-1.0.1.tgz",
      "integrity": "sha1-CXtgK1NCKlIsGvuHkDGDNpQaAR0=",
      "dev": true
    },
    "oauth-sign": {
      "version": "0.8.2",
      "resolved": "https://registry.npmjs.org/oauth-sign/-/oauth-sign-0.8.2.tgz",
      "integrity": "sha1-Rqarfwrq2N6unsBWV4C31O/rnUM="
    },
    "object-assign": {
      "version": "4.1.1",
      "resolved": "https://registry.npmjs.org/object-assign/-/object-assign-4.1.1.tgz",
      "integrity": "sha1-IQmtx5ZYh8/AXLvUQsrIv7s2CGM=",
      "dev": true
    },
    "opn": {
      "version": "3.0.3",
      "resolved": "https://registry.npmjs.org/opn/-/opn-3.0.3.tgz",
      "integrity": "sha1-ttmec5n3jWXDuq/+8fsojpuFJDo=",
      "dev": true,
      "requires": {
        "object-assign": "4.1.1"
      }
    },
    "os-locale": {
      "version": "1.4.0",
      "resolved": "https://registry.npmjs.org/os-locale/-/os-locale-1.4.0.tgz",
      "integrity": "sha1-IPnxeuKe00XoveWDsT0gCYA8FNk=",
      "dev": true,
      "requires": {
        "lcid": "1.0.0"
      }
    },
    "performance-now": {
      "version": "2.1.0",
      "resolved": "https://registry.npmjs.org/performance-now/-/performance-now-2.1.0.tgz",
      "integrity": "sha1-Ywn04OX6kT7BxpMHrjZLSzd8nns="
    },
    "proto-list": {
      "version": "1.2.4",
      "resolved": "https://registry.npmjs.org/proto-list/-/proto-list-1.2.4.tgz",
      "integrity": "sha1-IS1b/hMYMGpCD2QCuOJv85ZHqEk=",
      "dev": true
    },
    "pseudomap": {
      "version": "1.0.2",
      "resolved": "https://registry.npmjs.org/pseudomap/-/pseudomap-1.0.2.tgz",
      "integrity": "sha1-8FKijacOYYkX7wqKw0wa5aaChrM=",
      "dev": true
    },
    "punycode": {
      "version": "1.4.1",
      "resolved": "https://registry.npmjs.org/punycode/-/punycode-1.4.1.tgz",
      "integrity": "sha1-wNWmOycYgArY4esPpSachN1BhF4="
    },
    "qs": {
      "version": "6.5.1",
      "resolved": "https://registry.npmjs.org/qs/-/qs-6.5.1.tgz",
      "integrity": "sha512-eRzhrN1WSINYCDCbrz796z37LOe3m5tmW7RQf6oBntukAG1nmovJvhnwHHRMAfeoItc1m2Hk02WER2aQ/iqs+A=="
    },
    "readable-stream": {
      "version": "1.1.14",
      "resolved": "https://registry.npmjs.org/readable-stream/-/readable-stream-1.1.14.tgz",
      "integrity": "sha1-fPTFTvZI44EwhMY23SB54WbAgdk=",
      "dev": true,
      "requires": {
        "core-util-is": "1.0.2",
        "inherits": "2.0.3",
        "isarray": "0.0.1",
        "string_decoder": "0.10.31"
      }
    },
    "render": {
      "version": "0.1.4",
      "resolved": "https://registry.npmjs.org/render/-/render-0.1.4.tgz",
      "integrity": "sha1-z7M6NOJgaFkdQYRp4j2Mxc4c7/U=",
      "dev": true,
      "requires": {
        "traverser": "0.0.5"
      },
      "dependencies": {
        "traverser": {
          "version": "0.0.5",
          "resolved": "https://registry.npmjs.org/traverser/-/traverser-0.0.5.tgz",
          "integrity": "sha1-xm84xFagwhqIAUsSI1gMfr4GMes=",
          "dev": true,
          "requires": {
            "curry": "0.0.4"
          }
        }
      }
    },
    "request": {
      "version": "2.83.0",
      "resolved": "https://registry.npmjs.org/request/-/request-2.83.0.tgz",
      "integrity": "sha512-lR3gD69osqm6EYLk9wB/G1W/laGWjzH90t1vEa2xuxHD5KUrSzp9pUSfTm+YC5Nxt2T8nMPEvKlhbQayU7bgFw==",
      "requires": {
        "aws-sign2": "0.7.0",
        "aws4": "1.6.0",
        "caseless": "0.12.0",
        "combined-stream": "1.0.5",
        "extend": "3.0.1",
        "forever-agent": "0.6.1",
        "form-data": "2.3.1",
        "har-validator": "5.0.3",
        "hawk": "6.0.2",
        "http-signature": "1.2.0",
        "is-typedarray": "1.0.0",
        "isstream": "0.1.2",
        "json-stringify-safe": "5.0.1",
        "mime-types": "2.1.17",
        "oauth-sign": "0.8.2",
        "performance-now": "2.1.0",
        "qs": "6.5.1",
        "safe-buffer": "5.1.1",
        "stringstream": "0.0.5",
        "tough-cookie": "2.3.3",
        "tunnel-agent": "0.6.0",
        "uuid": "3.2.1"
      }
    },
    "safe-buffer": {
      "version": "5.1.1",
      "resolved": "https://registry.npmjs.org/safe-buffer/-/safe-buffer-5.1.1.tgz",
      "integrity": "sha512-kKvNJn6Mm93gAczWVJg7wH+wGYWNrDHdWvpUmHyEsgCtIwwo3bqPtV4tR5tuPaUhTOo/kvhVwd8XwwOllGYkbg=="
    },
    "secure-keys": {
      "version": "1.0.0",
      "resolved": "https://registry.npmjs.org/secure-keys/-/secure-keys-1.0.0.tgz",
      "integrity": "sha1-8MgtmKOxOah3aogIBQuCRDEIf8o=",
      "dev": true
    },
    "semver": {
      "version": "5.5.0",
      "resolved": "https://registry.npmjs.org/semver/-/semver-5.5.0.tgz",
      "integrity": "sha512-4SJ3dm0WAwWy/NVeioZh5AntkdJoWKxHxcmyP622fOkgHa4z3R0TdBJICINyaSDE6uNwVc8gZr+ZinwZAH4xIA==",
      "dev": true
    },
    "should": {
      "version": "8.0.2",
      "resolved": "https://registry.npmjs.org/should/-/should-8.0.2.tgz",
      "integrity": "sha1-2UvEWazsiCMLK8c2GtA6s4eyM8Y=",
      "dev": true,
      "requires": {
        "should-equal": "0.6.0",
        "should-format": "0.3.2",
        "should-type": "0.2.0"
      }
    },
    "should-equal": {
      "version": "0.6.0",
      "resolved": "https://registry.npmjs.org/should-equal/-/should-equal-0.6.0.tgz",
      "integrity": "sha1-W0cDA6iPW5YKfRCRciS0VU2rRww=",
      "dev": true,
      "requires": {
        "should-type": "0.2.0"
      }
    },
    "should-format": {
      "version": "0.3.2",
      "resolved": "https://registry.npmjs.org/should-format/-/should-format-0.3.2.tgz",
      "integrity": "sha1-pZgx4Bot3uFJkRvHFIvlyAMZ4f8=",
      "dev": true,
      "requires": {
        "should-type": "0.2.0"
      }
    },
    "should-type": {
      "version": "0.2.0",
      "resolved": "https://registry.npmjs.org/should-type/-/should-type-0.2.0.tgz",
      "integrity": "sha1-ZwfvlVKdmJ3MCY/gdTqx+RNrt/Y=",
      "dev": true
    },
    "sigmund": {
      "version": "1.0.1",
      "resolved": "https://registry.npmjs.org/sigmund/-/sigmund-1.0.1.tgz",
      "integrity": "sha1-P/IfGYytIXX587eBhT/ZTQ0ZtZA=",
      "dev": true
    },
    "sntp": {
      "version": "2.1.0",
      "resolved": "https://registry.npmjs.org/sntp/-/sntp-2.1.0.tgz",
      "integrity": "sha512-FL1b58BDrqS3A11lJ0zEdnJ3UOKqVxawAkF3k7F0CVN7VQ34aZrV+G8BZ1WC9ZL7NyrwsW0oviwsWDgRuVYtJg==",
      "requires": {
        "hoek": "4.2.0"
      }
    },
    "sshpk": {
      "version": "1.13.1",
      "resolved": "https://registry.npmjs.org/sshpk/-/sshpk-1.13.1.tgz",
      "integrity": "sha1-US322mKHFEMW3EwY/hzx2UBzm+M=",
      "requires": {
        "asn1": "0.2.3",
        "assert-plus": "1.0.0",
        "bcrypt-pbkdf": "1.0.1",
        "dashdash": "1.14.1",
        "ecc-jsbn": "0.1.1",
        "getpass": "0.1.7",
        "jsbn": "0.1.1",
        "tweetnacl": "0.14.5"
      }
    },
    "stream-spec": {
      "version": "0.3.6",
      "resolved": "https://registry.npmjs.org/stream-spec/-/stream-spec-0.3.6.tgz",
      "integrity": "sha1-L92sSge/Pp+JY8Z3prWmzCEVJV4=",
      "dev": true,
      "requires": {
        "macgyver": "1.10.1"
      }
    },
    "stream-tester": {
      "version": "0.0.5",
      "resolved": "https://registry.npmjs.org/stream-tester/-/stream-tester-0.0.5.tgz",
      "integrity": "sha1-T4byUxFJra9t1LP/Ji7fZK6aFxo=",
      "dev": true,
      "requires": {
        "assertions": "2.3.4",
        "from": "0.0.2",
        "through": "0.0.4"
      }
    },
    "string-width": {
      "version": "1.0.2",
      "resolved": "https://registry.npmjs.org/string-width/-/string-width-1.0.2.tgz",
      "integrity": "sha1-EYvfW4zcUaKn5w0hHgfisLmxB9M=",
      "dev": true,
      "requires": {
        "code-point-at": "1.1.0",
        "is-fullwidth-code-point": "1.0.0",
        "strip-ansi": "3.0.1"
      }
    },
    "string_decoder": {
      "version": "0.10.31",
      "resolved": "https://registry.npmjs.org/string_decoder/-/string_decoder-0.10.31.tgz",
      "integrity": "sha1-YuIDvEF2bGwoyfyEMB2rHFMQ+pQ=",
      "dev": true
    },
    "stringstream": {
      "version": "0.0.5",
      "resolved": "https://registry.npmjs.org/stringstream/-/stringstream-0.0.5.tgz",
      "integrity": "sha1-TkhM1N5aC7vuGORjB3EKioFiGHg="
    },
    "strip-ansi": {
      "version": "3.0.1",
      "resolved": "https://registry.npmjs.org/strip-ansi/-/strip-ansi-3.0.1.tgz",
      "integrity": "sha1-ajhfuIU9lS1f8F0Oiq+UJ43GPc8=",
      "dev": true,
      "requires": {
        "ansi-regex": "2.1.1"
      }
    },
    "supports-color": {
      "version": "1.2.0",
      "resolved": "https://registry.npmjs.org/supports-color/-/supports-color-1.2.0.tgz",
      "integrity": "sha1-/x7R5hFp0Gs88tWI4YixjYhH4X4=",
      "dev": true
    },
    "through": {
      "version": "0.0.4",
      "resolved": "https://registry.npmjs.org/through/-/through-0.0.4.tgz",
      "integrity": "sha1-C/Lw//r6rEusvFM2Z+mKrQC1iMg=",
      "dev": true
    },
    "tough-cookie": {
      "version": "2.3.3",
      "resolved": "https://registry.npmjs.org/tough-cookie/-/tough-cookie-2.3.3.tgz",
      "integrity": "sha1-C2GKVWW23qkL80JdBNVe3EdadWE=",
      "requires": {
        "punycode": "1.4.1"
      }
    },
    "traverser": {
      "version": "1.0.0",
      "resolved": "https://registry.npmjs.org/traverser/-/traverser-1.0.0.tgz",
      "integrity": "sha1-b1nlgTdZruqzZGuPRRP9SmLk/iA=",
      "dev": true,
      "requires": {
        "curry": "0.0.4"
      }
    },
    "tunnel-agent": {
      "version": "0.6.0",
      "resolved": "https://registry.npmjs.org/tunnel-agent/-/tunnel-agent-0.6.0.tgz",
      "integrity": "sha1-J6XeoGs2sEoKmWZ3SykIaPD8QP0=",
      "requires": {
        "safe-buffer": "5.1.1"
      }
    },
    "tweetnacl": {
      "version": "0.14.5",
      "resolved": "https://registry.npmjs.org/tweetnacl/-/tweetnacl-0.14.5.tgz",
      "integrity": "sha1-WuaBd/GS1EViadEIr6k/+HQ/T2Q=",
      "optional": true
    },
    "underscore": {
      "version": "1.8.3",
      "resolved": "https://registry.npmjs.org/underscore/-/underscore-1.8.3.tgz",
      "integrity": "sha1-Tz+1OxBuYJf8+ctBCfKl6b36UCI=",
      "dev": true
    },
    "uuid": {
      "version": "3.2.1",
      "resolved": "https://registry.npmjs.org/uuid/-/uuid-3.2.1.tgz",
      "integrity": "sha512-jZnMwlb9Iku/O3smGWvZhauCf6cvvpKi4BKRiliS3cxnI+Gz9j5MEpTz2UFuXiKPJocb7gnsLHwiS05ige5BEA=="
    },
    "verror": {
      "version": "1.10.0",
      "resolved": "https://registry.npmjs.org/verror/-/verror-1.10.0.tgz",
      "integrity": "sha1-OhBcoXBTr1XW4nDB+CiGguGNpAA=",
      "requires": {
        "assert-plus": "1.0.0",
        "core-util-is": "1.0.2",
        "extsprintf": "1.3.0"
      }
    },
    "window-size": {
      "version": "0.1.4",
      "resolved": "https://registry.npmjs.org/window-size/-/window-size-0.1.4.tgz",
      "integrity": "sha1-+OGqHuWlPsW/FR/6CXQqatdpeHY=",
      "dev": true
    },
    "wrap-ansi": {
      "version": "2.1.0",
      "resolved": "https://registry.npmjs.org/wrap-ansi/-/wrap-ansi-2.1.0.tgz",
      "integrity": "sha1-2Pw9KE3QV5T+hJc8rs3Rz4JP3YU=",
      "dev": true,
      "requires": {
        "string-width": "1.0.2",
        "strip-ansi": "3.0.1"
      }
    },
    "y18n": {
      "version": "3.2.1",
      "resolved": "https://registry.npmjs.org/y18n/-/y18n-3.2.1.tgz",
      "integrity": "sha1-bRX7qITAhnnA136I53WegR4H+kE=",
      "dev": true
    },
    "yargs": {
      "version": "3.32.0",
      "resolved": "https://registry.npmjs.org/yargs/-/yargs-3.32.0.tgz",
      "integrity": "sha1-AwiOnr+edWtpdRYR0qXvWRSCyZU=",
      "dev": true,
      "requires": {
        "camelcase": "2.1.1",
        "cliui": "3.2.0",
        "decamelize": "1.2.0",
        "os-locale": "1.4.0",
        "string-width": "1.0.2",
        "window-size": "0.1.4",
        "y18n": "3.2.1"
      }
    }
  }
}
